
Microsoft Visual Studio Solution File, Format Version 12.00
# Visual Studio Version 16
VisualStudioVersion = 16.0.29728.190
MinimumVisualStudioVersion = 15.0.26124.0
Project("{9A19103F-16F7-4668-BE54-9A1E7A4F7556}") = "cgr", "cgr\cgr.csproj", "{F2A37F64-745B-41BB-BD8C-E9693B8461BD}"
EndProject
Project("{9A19103F-16F7-4668-BE54-9A1E7A4F7556}") = "cgr.Tests", "cgr.Tests\cgr.Tests.csproj", "{0719C5E9-74D7-407E-B5B1-863BB1A00095}"
EndProject
Global
	GlobalSection(SolutionConfigurationPlatforms) = preSolution
		Debug|Any CPU = Debug|Any CPU
		Debug|x64 = Debug|x64
		Debug|x86 = Debug|x86
		Release|Any CPU = Release|Any CPU
		Release|x64 = Release|x64
		Release|x86 = Release|x86
	EndGlobalSection
	GlobalSection(ProjectConfigurationPlatforms) = postSolution
		{F2A37F64-745B-41BB-BD8C-E9693B8461BD}.Debug|Any CPU.ActiveCfg = Debug|Any CPU
		{F2A37F64-745B-41BB-BD8C-E9693B8461BD}.Debug|Any CPU.Build.0 = Debug|Any CPU
		{F2A37F64-745B-41BB-BD8C-E9693B8461BD}.Debug|x64.ActiveCfg = Debug|Any CPU
		{F2A37F64-745B-41BB-BD8C-E9693B8461BD}.Debug|x64.Build.0 = Debug|Any CPU
		{F2A37F64-745B-41BB-BD8C-E9693B8461BD}.Debug|x86.ActiveCfg = Debug|Any CPU
		{F2A37F64-745B-41BB-BD8C-E9693B8461BD}.Debug|x86.Build.0 = Debug|Any CPU
		{F2A37F64-745B-41BB-BD8C-E9693B8461BD}.Release|Any CPU.ActiveCfg = Release|Any CPU
		{F2A37F64-745B-41BB-BD8C-E9693B8461BD}.Release|Any CPU.Build.0 = Release|Any CPU
		{F2A37F64-745B-41BB-BD8C-E9693B8461BD}.Release|x64.ActiveCfg = Release|Any CPU
		{F2A37F64-745B-41BB-BD8C-E9693B8461BD}.Release|x64.Build.0 = Release|Any CPU
		{F2A37F64-745B-41BB-BD8C-E9693B8461BD}.Release|x86.ActiveCfg = Release|Any CPU
		{F2A37F64-745B-41BB-BD8C-E9693B8461BD}.Release|x86.Build.0 = Release|Any CPU
		{0719C5E9-74D7-407E-B5B1-863BB1A00095}.Debug|Any CPU.ActiveCfg = Debug|Any CPU
		{0719C5E9-74D7-407E-B5B1-863BB1A00095}.Debug|Any CPU.Build.0 = Debug|Any CPU
		{0719C5E9-74D7-407E-B5B1-863BB1A00095}.Debug|x64.ActiveCfg = Debug|Any CPU
		{0719C5E9-74D7-407E-B5B1-863BB1A00095}.Debug|x64.Build.0 = Debug|Any CPU
		{0719C5E9-74D7-407E-B5B1-863BB1A00095}.Debug|x86.ActiveCfg = Debug|Any CPU
		{0719C5E9-74D7-407E-B5B1-863BB1A00095}.Debug|x86.Build.0 = Debug|Any CPU
		{0719C5E9-74D7-407E-B5B1-863BB1A00095}.Release|Any CPU.ActiveCfg = Release|Any CPU
		{0719C5E9-74D7-407E-B5B1-863BB1A00095}.Release|Any CPU.Build.0 = Release|Any CPU
		{0719C5E9-74D7-407E-B5B1-863BB1A00095}.Release|x64.ActiveCfg = Release|Any CPU
		{0719C5E9-74D7-407E-B5B1-863BB1A00095}.Release|x64.Build.0 = Release|Any CPU
		{0719C5E9-74D7-407E-B5B1-863BB1A00095}.Release|x86.ActiveCfg = Release|Any CPU
		{0719C5E9-74D7-407E-B5B1-863BB1A00095}.Release|x86.Build.0 = Release|Any CPU
	EndGlobalSection
	GlobalSection(SolutionProperties) = preSolution
		HideSolutionNode = FALSE
	EndGlobalSection
	GlobalSection(ExtensibilityGlobals) = postSolution
		SolutionGuid = {557E4291-967A-4EEC-BC76-839FDDF40939}
	EndGlobalSection
EndGlobal
